{
  "originHash" : "8e0ccdae0ea3e661e1a74a4ccd072281f4f49176a1fa9bd35a16e6cbcf5f29f1",
  "pins" : [
    {
      "identity" : "capacitor-swift-pm",
      "kind" : "remoteSourceControl",
      "location" : "https://github.com/ionic-team/capacitor-swift-pm.git",
      "state" : {
        "revision" : "13a39179b3df796f3bb2e70c47ccdd92593f34d2",
        "version" : "8.0.2"
      }
    },
    {
      "identity" : "purchases-hybrid-common",
      "kind" : "remoteSourceControl",
      "location" : "https://github.com/RevenueCat/purchases-hybrid-common.git",
      "state" : {
        "revision" : "d635d7277750b7196fc7b1a115b5cdd5efad60f6",
        "version" : "17.30.0"
      }
    },
    {
      "identity" : "purchases-ios-spm",
      "kind" : "remoteSourceControl",
      "location" : "https://github.com/RevenueCat/purchases-ios-spm",
      "state" : {
        "revision" : "b30ad3e7d22979feee2abf4de7fefd872eb14290",
        "version" : "5.56.0"
      }
    }
  ],
  "version" : 3
}
